// !$*UTF8*$!
{
	archiveVersion = 1;
	classes = {
	};
	objectVersion = 46;
	objects = {

/* Begin PBXBuildFile section */
		87DCA5641A435DD400ECDC16 /* main.cpp in Sources */ = {isa = PBXBuildFile; fileRef = 87DCA5631A435DD400ECDC16 /* main.cpp */; };
		87DCA56C1A435EAA00ECDC16 /* process.cpp in Sources */ = {isa = PBXBuildFile; fileRef = 87DCA56A1A435EAA00ECDC16 /* process.cpp */; };
/* End PBXBuildFile section */

/* Begin PBXCopyFilesBuildPhase section */
		87DCA55E1A435DD400ECDC16 /* CopyFiles */ = {
			isa = PBXCopyFilesBuildPhase;
			buildActionMask = 2147483647;
			dstPath = /usr/share/man/man1/;
			dstSubfolderSpec = 0;
			files = (
			);
			runOnlyForDeploymentPostprocessing = 1;
		};
/* End PBXCopyFilesBuildPhase section */

/* Begin PBXFileReference section */
		87DCA5601A435DD400ECDC16 /* VirtualMemorySimulator */ = {isa = PBXFileReference; explicitFileType = "compiled.mach-o.executable"; includeInIndex = 0; path = VirtualMemorySimulator; sourceTree = BUILT_PRODUCTS_DIR; };
		87DCA5631A435DD400ECDC16 /* main.cpp */ = {isa = PBXFileReference; lastKnownFileType = sourcecode.cpp.cpp; path = main.cpp; sourceTree = "<group>"; };
		87DCA56A1A435EAA00ECDC16 /* process.cpp */ = {isa = PBXFileReference; fileEncoding = 4; lastKnownFileType = sourcecode.cpp.cpp; path = process.cpp; sourceTree = "<group>"; };
		87DCA56B1A435EAA00ECDC16 /* process.h */ = {isa = PBXFileReference; fileEncoding = 4; lastKnownFileType = sourcecode.c.h; path = process.h; sourceTree = "<group>"; };
		87DCA56D1A4360F300ECDC16 /* main.h */ = {isa = PBXFileReference; lastKnownFileType = sourcecode.c.h; path = main.h; sourceTree = "<group>"; };
		87DCA56E1A43856100ECDC16 /* memoryAccessFile.txt */ = {isa = PBXFileReference; fileEncoding = 4; lastKnownFileType = text; path = memoryAccessFile.txt; sourceTree = "<group>"; };
/* End PBXFileReference section */

/* Begin PBXFrameworksBuildPhase section */
		87DCA55D1A435DD400ECDC16 /* Frameworks */ = {
			isa = PBXFrameworksBuildPhase;
			buildActionMask = 2147483647;
			files = (
			);
			runOnlyForDeploymentPostprocessing = 0;
		};
/* End PBXFrameworksBuildPhase section */

/* Begin PBXGroup section */
		87DCA5571A435DD400ECDC16 = {
			isa = PBXGroup;
			children = (
				87DCA5621A435DD400ECDC16 /* VirtualMemorySimulator */,
				87DCA5611A435DD400ECDC16 /* Products */,
			);
			sourceTree = "<group>";
		};
		87DCA5611A435DD400ECDC16 /* Products */ = {
			isa = PBXGroup;
			children = (
				87DCA5601A435DD400ECDC16 /* VirtualMemorySimulator */,
			);
			name = Products;
			sourceTree = "<group>";
		};
		87DCA5621A435DD400ECDC16 /* VirtualMemorySimulator */ = {
			isa = PBXGroup;
			children = (
				87DCA5631A435DD400ECDC16 /* main.cpp */,
				87DCA56E1A43856100ECDC16 /* memoryAccessFile.txt */,
				87DCA56D1A4360F300ECDC16 /* main.h */,
				87DCA56A1A435EAA00ECDC16 /* process.cpp */,
				87DCA56B1A435EAA00ECDC16 /* process.h */,
			);
			path = VirtualMemorySimulator;
			sourceTree = "<group>";
		};
/* End PBXGroup section */

/* Begin PBXNativeTarget section */
		87DCA55F1A435DD400ECDC16 /* VirtualMemorySimulator */ = {
			isa = PBXNativeTarget;
			buildConfigurationList = 87DCA5671A435DD400ECDC16 /* Build configuration list for PBXNativeTarget "VirtualMemorySimulator" */;
			buildPhases = (
				87DCA55C1A435DD400ECDC16 /* Sources */,
				87DCA55D1A435DD400ECDC16 /* Frameworks */,
				87DCA55E1A435DD400ECDC16 /* CopyFiles */,
			);
			buildRules = (
			);
			dependencies = (
			);
			name = VirtualMemorySimulator;
			productName = VirtualMemorySimulator;
			productReference = 87DCA5601A435DD400ECDC16 /* VirtualMemorySimulator */;
			productType = "com.apple.product-type.tool";
		};
/* End PBXNativeTarget section */

/* Begin PBXProject section */
		87DCA5581A435DD400ECDC16 /* Project object */ = {
			isa = PBXProject;
			attributes = {
				LastUpgradeCheck = 0610;
				ORGANIZATIONNAME = Pikseladam;
				TargetAttributes = {
					87DCA55F1A435DD400ECDC16 = {
						CreatedOnToolsVersion = 6.1.1;
					};
				};
			};
			buildConfigurationList = 87DCA55B1A435DD400ECDC16 /* Build configuration list for PBXProject "VirtualMemorySimulator" */;
			compatibilityVersion = "Xcode 3.2";
			developmentRegion = English;
			hasScannedForEncodings = 0;
			knownRegions = (
				en,
			);
			mainGroup = 87DCA5571A435DD400ECDC16;
			productRefGroup = 87DCA5611A435DD400ECDC16 /* Products */;
			projectDirPath = "";
			projectRoot = "";
			targets = (
				87DCA55F1A435DD400ECDC16 /* VirtualMemorySimulator */,
			);
		};
/* End PBXProject section */

/* Begin PBXSourcesBuildPhase section */
		87DCA55C1A435DD400ECDC16 /* Sources */ = {
			isa = PBXSourcesBuildPhase;
			buildActionMask = 2147483647;
			files = (
				87DCA5641A435DD400ECDC16 /* main.cpp in Sources */,
				87DCA56C1A435EAA00ECDC16 /* process.cpp in Sources */,
			);
			runOnlyForDeploymentPostprocessing = 0;
		};
/* End PBXSourcesBuildPhase section */

/* Begin XCBuildConfiguration section */
		87DCA5651A435DD400ECDC16 /* Debug */ = {
			isa = XCBuildConfiguration;
			buildSettings = {
				ALWAYS_SEARCH_USER_PATHS = NO;
				CLANG_CXX_LANGUAGE_STANDARD = "gnu++0x";
				CLANG_CXX_LIBRARY = "libc++";
				CLANG_ENABLE_MODULES = YES;
				CLANG_ENABLE_OBJC_ARC = YES;
				CLANG_WARN_BOOL_CONVERSION = YES;
				CLANG_WARN_CONSTANT_CONVERSION = YES;
				CLANG_WARN_DIRECT_OBJC_ISA_USAGE = YES_ERROR;
				CLANG_WARN_EMPTY_BODY = YES;
				CLANG_WARN_ENUM_CONVERSION = YES;
				CLANG_WARN_INT_CONVERSION = YES;
				CLANG_WARN_OBJC_ROOT_CLASS = YES_ERROR;
				CLANG_WARN_UNREACHABLE_CODE = YES;
				CLANG_WARN__DUPLICATE_METHOD_MATCH = YES;
				COPY_PHASE_STRIP = NO;
				ENABLE_STRICT_OBJC_MSGSEND = YES;
				GCC_C_LANGUAGE_STANDARD = gnu99;
				GCC_DYNAMIC_NO_PIC = NO;
				GCC_OPTIMIZATION_LEVEL = 0;
				GCC_PREPROCESSOR_DEFINITIONS = (
					"DEBUG=1",
					"$(inherited)",
				);
				GCC_SYMBOLS_PRIVATE_EXTERN = NO;
				GCC_WARN_64_TO_32_BIT_CONVERSION = YES;
				GCC_WARN_ABOUT_RETURN_TYPE = YES_ERROR;
				GCC_WARN_UNDECLARED_SELECTOR = YES;
				GCC_WARN_UNINITIALIZED_AUTOS = YES_AGGRESSIVE;
				GCC_WARN_UNUSED_FUNCTION = YES;
				GCC_WARN_UNUSED_VARIABLE = YES;
				MACOSX_DEPLOYMENT_TARGET = 10.10;
				MTL_ENABLE_DEBUG_INFO = YES;
				ONLY_ACTIVE_ARCH = YES;
				SDKROOT = macosx;
			};
			name = Debug;
		};
		87DCA5661A435DD400ECDC16 /* Release */ = {
			isa = XCBuildConfiguration;
			buildSettings = {
				ALWAYS_SEARCH_USER_PATHS = NO;
				CLANG_CXX_LANGUAGE_STANDARD = "gnu++0x";
				CLANG_CXX_LIBRARY = "libc++";
				CLANG_ENABLE_MODULES = YES;
				CLANG_ENABLE_OBJC_ARC = YES;
				CLANG_WARN_BOOL_CONVERSION = YES;
				CLANG_WARN_CONSTANT_CONVERSION = YES;
				CLANG_WARN_DIRECT_OBJC_ISA_USAGE = YES_ERROR;
				CLANG_WARN_EMPTY_BODY = YES;
				CLANG_WARN_ENUM_CONVERSION = YES;
				CLANG_WARN_INT_CONVERSION = YES;
				CLANG_WARN_OBJC_ROOT_CLASS = YES_ERROR;
				CLANG_WARN_UNREACHABLE_CODE = YES;
				CLANG_WARN__DUPLICATE_METHOD_MATCH = YES;
				COPY_PHASE_STRIP = YES;
				DEBUG_INFORMATION_FORMAT = "dwarf-with-dsym";
				ENABLE_NS_ASSERTIONS = NO;
				ENABLE_STRICT_OBJC_MSGSEND = YES;
				GCC_C_LANGUAGE_STANDARD = gnu99;
				GCC_WARN_64_TO_32_BIT_CONVERSION = YES;
				GCC_WARN_ABOUT_RETURN_TYPE = YES_ERROR;
				GCC_WARN_UNDECLARED_SELECTOR = YES;
				GCC_WARN_UNINITIALIZED_AUTOS = YES_AGGRESSIVE;
				GCC_WARN_UNUSED_FUNCTION = YES;
				GCC_WARN_UNUSED_VARIABLE = YES;
				MACOSX_DEPLOYMENT_TARGET = 10.10;
				MTL_ENABLE_DEBUG_INFO = NO;
				SDKROOT = macosx;
			};
			name = Release;
		};
		87DCA5681A435DD400ECDC16 /* Debug */ = {
			isa = XCBuildConfiguration;
			buildSettings = {
				PRODUCT_NAME = "$(TARGET_NAME)";
			};
			name = Debug;
		};
		87DCA5691A435DD400ECDC16 /* Release */ = {
			isa = XCBuildConfiguration;
			buildSettings = {
				PRODUCT_NAME = "$(TARGET_NAME)";
			};
			name = Release;
		};
/* End XCBuildConfiguration section */

/* Begin XCConfigurationList section */
		87DCA55B1A435DD400ECDC16 /* Build configuration list for PBXProject "VirtualMemorySimulator" */ = {
			isa = XCConfigurationList;
			buildConfigurations = (
				87DCA5651A435DD400ECDC16 /* Debug */,
				87DCA5661A435DD400ECDC16 /* Release */,
			);
			defaultConfigurationIsVisible = 0;
			defaultConfigurationName = Release;
		};
		87DCA5671A435DD400ECDC16 /* Build configuration list for PBXNativeTarget "VirtualMemorySimulator" */ = {
			isa = XCConfigurationList;
			buildConfigurations = (
				87DCA5681A435DD400ECDC16 /* Debug */,
				87DCA5691A435DD400ECDC16 /* Release */,
			);
			defaultConfigurationIsVisible = 0;
		};
/* End XCConfigurationList section */
	};
	rootObject = 87DCA5581A435DD400ECDC16 /* Project object */;
}
